
Microsoft Visual Studio Solution File, Format Version 12.00
# Visual Studio Version 17
VisualStudioVersion = 17.5.002.0
MinimumVisualStudioVersion = 10.0.40219.1
Project("{9A19103F-16F7-4668-BE54-9A1E7A4F7556}") = "Arbol_Binario_4", "Arbol_Binario_4.csproj", "{6FB87E1C-49CF-4F9C-B6B3-9A4407111517}"
EndProject
Global
	GlobalSection(SolutionConfigurationPlatforms) = preSolution
		Debug|Any CPU = Debug|Any CPU
		Release|Any CPU = Release|Any CPU
	EndGlobalSection
	GlobalSection(ProjectConfigurationPlatforms) = postSolution
		{6FB87E1C-49CF-4F9C-B6B3-9A4407111517}.Debug|Any CPU.ActiveCfg = Debug|Any CPU
		{6FB87E1C-49CF-4F9C-B6B3-9A4407111517}.Debug|Any CPU.Build.0 = Debug|Any CPU
		{6FB87E1C-49CF-4F9C-B6B3-9A4407111517}.Release|Any CPU.ActiveCfg = Release|Any CPU
		{6FB87E1C-49CF-4F9C-B6B3-9A4407111517}.Release|Any CPU.Build.0 = Release|Any CPU
	EndGlobalSection
	GlobalSection(SolutionProperties) = preSolution
		HideSolutionNode = FALSE
	EndGlobalSection
	GlobalSection(ExtensibilityGlobals) = postSolution
		SolutionGuid = {F0C21E2B-E173-4E19-8C11-628DF066A8AA}
	EndGlobalSection
EndGlobal
